<Solution>
  <Project Path="Unity.Timeline.csproj" />
  <Project Path="NodeEngine.Runtime.csproj" />
  <Project Path="Unity.PlasticSCM.Editor.csproj" />
  <Project Path="Unity.InputSystem.csproj" />
  <Project Path="Unity.Timeline.Editor.csproj" />
  <Project Path="Unity.PerformanceTesting.Editor.csproj" />
  <Project Path="UniTask.csproj" />
  <Project Path="Unity.Searcher.Editor.csproj" />
  <Project Path="Unity.Burst.csproj" />
  <Project Path="VContainer.csproj" />
  <Project Path="Unity.AI.Navigation.Editor.csproj" />
  <Project Path="Unity.VisualStudio.Editor.csproj" />
  <Project Path="Unity.AI.Navigation.Editor.ConversionSystem.csproj" />
  <Project Path="Unity.Burst.CodeGen.csproj" />
  <Project Path="Unity.PerformanceTesting.csproj" />
  <Project Path="Unity.AI.Navigation.csproj" />
  <Project Path="UniTask.Linq.csproj" />
  <Project Path="UniMediator.Runtime.csproj" />
  <Project Path="Unity.Burst.Editor.csproj" />
  <Project Path="VContainer.Editor.csproj" />
  <Project Path="Unity.AI.Navigation.Updater.csproj" />
  <Project Path="NodeEngine.Editor.csproj" />
  <Project Path="Unity.InputSystem.DocCodeSamples.csproj" />
  <Project Path="Unity.InputSystem.ForUI.csproj" />
  <Project Path="Unity.CollabProxy.Editor.csproj" />
  <Project Path="UniTask.TextMeshPro.csproj" />
  <Project Path="Unity.InputSystem.TestFramework.csproj" />
  <Project Path="Unity.PlasticSCM.Editor.Entities.csproj" />
  <Project Path="UniTask.Addressables.csproj" />
  <Project Path="UniTask.Editor.csproj" />
  <Project Path="PrimeTween.Installer.csproj" />
  <Project Path="UniTask.DOTween.csproj" />
  <Project Path="Domain_Reload.csproj" />
</Solution>
